
Microsoft Visual Studio Solution File, Format Version 12.00
# Visual Studio Version 17
VisualStudioVersion = 17.6.33829.357
MinimumVisualStudioVersion = 10.0.40219.1
Project("{FAE04EC0-301F-11D3-BF4B-00C04F79EFBC}") = "system_programming", "system_programming.csproj", "{683CCE93-66CD-41DD-9134-56F5960A0FE8}"
EndProject
Global
	GlobalSection(SolutionConfigurationPlatforms) = preSolution
		Debug|Any CPU = Debug|Any CPU
		Release|Any CPU = Release|Any CPU
	EndGlobalSection
	GlobalSection(ProjectConfigurationPlatforms) = postSolution
		{683CCE93-66CD-41DD-9134-56F5960A0FE8}.Debug|Any CPU.ActiveCfg = Debug|Any CPU
		{683CCE93-66CD-41DD-9134-56F5960A0FE8}.Debug|Any CPU.Build.0 = Debug|Any CPU
		{683CCE93-66CD-41DD-9134-56F5960A0FE8}.Release|Any CPU.ActiveCfg = Release|Any CPU
		{683CCE93-66CD-41DD-9134-56F5960A0FE8}.Release|Any CPU.Build.0 = Release|Any CPU
	EndGlobalSection
	GlobalSection(SolutionProperties) = preSolution
		HideSolutionNode = FALSE
	EndGlobalSection
	GlobalSection(ExtensibilityGlobals) = postSolution
		SolutionGuid = {F9DA4FB9-767C-4780-B893-D88673370522}
	EndGlobalSection
EndGlobal
